// !$*UTF8*$!
{
	archiveVersion = 1;
	classes = {
	};
	objectVersion = 56;
	objects = {

/* Begin PBXBuildFile section */
		D9268B75296572DF0070396C /* ToDo_AppApp.swift in Sources */ = {isa = PBXBuildFile; fileRef = D9268B74296572DF0070396C /* ToDo_AppApp.swift */; };
		D9268B77296572DF0070396C /* MissionView.swift in Sources */ = {isa = PBXBuildFile; fileRef = D9268B76296572DF0070396C /* MissionView.swift */; };
		D9268B79296572E10070396C /* Assets.xcassets in Resources */ = {isa = PBXBuildFile; fileRef = D9268B78296572E10070396C /* Assets.xcassets */; };
		D9268B7C296572E10070396C /* Preview Assets.xcassets in Resources */ = {isa = PBXBuildFile; fileRef = D9268B7B296572E10070396C /* Preview Assets.xcassets */; };
		D9268B7E296572E10070396C /* Persistence.swift in Sources */ = {isa = PBXBuildFile; fileRef = D9268B7D296572E10070396C /* Persistence.swift */; };
		D9268B81296572E10070396C /* ToDo_App.xcdatamodeld in Sources */ = {isa = PBXBuildFile; fileRef = D9268B7F296572E10070396C /* ToDo_App.xcdatamodeld */; };
		D9268B882965C4790070396C /* DetailView.swift in Sources */ = {isa = PBXBuildFile; fileRef = D9268B872965C4790070396C /* DetailView.swift */; };
		D9268B8A2965D58A0070396C /* AddMissionView.swift in Sources */ = {isa = PBXBuildFile; fileRef = D9268B892965D58A0070396C /* AddMissionView.swift */; };
		D9268B902966D7720070396C /* HomeView.swift in Sources */ = {isa = PBXBuildFile; fileRef = D9268B8F2966D7720070396C /* HomeView.swift */; };
		D9268B962966EC690070396C /* ColorExtension.swift in Sources */ = {isa = PBXBuildFile; fileRef = D9268B952966EC690070396C /* ColorExtension.swift */; };
		D9268BBC296730210070396C /* EditMissionView.swift in Sources */ = {isa = PBXBuildFile; fileRef = D9268BBB296730210070396C /* EditMissionView.swift */; };
		D9268BC0296835CD0070396C /* MissionViewModel.swift in Sources */ = {isa = PBXBuildFile; fileRef = D9268BBF296835CD0070396C /* MissionViewModel.swift */; };
		D9268BC2296859BB0070396C /* NotificationManager.swift in Sources */ = {isa = PBXBuildFile; fileRef = D9268BC1296859BB0070396C /* NotificationManager.swift */; };
		D9268BC429685A270070396C /* NotificationHelper.swift in Sources */ = {isa = PBXBuildFile; fileRef = D9268BC329685A270070396C /* NotificationHelper.swift */; };
/* End PBXBuildFile section */

/* Begin PBXFileReference section */
		D9268B71296572DF0070396C /* ToDo App.app */ = {isa = PBXFileReference; explicitFileType = wrapper.application; includeInIndex = 0; path = "ToDo App.app"; sourceTree = BUILT_PRODUCTS_DIR; };
		D9268B74296572DF0070396C /* ToDo_AppApp.swift */ = {isa = PBXFileReference; lastKnownFileType = sourcecode.swift; path = ToDo_AppApp.swift; sourceTree = "<group>"; };
		D9268B76296572DF0070396C /* MissionView.swift */ = {isa = PBXFileReference; lastKnownFileType = sourcecode.swift; path = MissionView.swift; sourceTree = "<group>"; };
		D9268B78296572E10070396C /* Assets.xcassets */ = {isa = PBXFileReference; lastKnownFileType = folder.assetcatalog; path = Assets.xcassets; sourceTree = "<group>"; };
		D9268B7B296572E10070396C /* Preview Assets.xcassets */ = {isa = PBXFileReference; lastKnownFileType = folder.assetcatalog; path = "Preview Assets.xcassets"; sourceTree = "<group>"; };
		D9268B7D296572E10070396C /* Persistence.swift */ = {isa = PBXFileReference; lastKnownFileType = sourcecode.swift; path = Persistence.swift; sourceTree = "<group>"; };
		D9268B80296572E10070396C /* ToDo_App.xcdatamodel */ = {isa = PBXFileReference; lastKnownFileType = wrapper.xcdatamodel; path = ToDo_App.xcdatamodel; sourceTree = "<group>"; };
		D9268B872965C4790070396C /* DetailView.swift */ = {isa = PBXFileReference; lastKnownFileType = sourcecode.swift; path = DetailView.swift; sourceTree = "<group>"; };
		D9268B892965D58A0070396C /* AddMissionView.swift */ = {isa = PBXFileReference; lastKnownFileType = sourcecode.swift; path = AddMissionView.swift; sourceTree = "<group>"; };
		D9268B8F2966D7720070396C /* HomeView.swift */ = {isa = PBXFileReference; lastKnownFileType = sourcecode.swift; path = HomeView.swift; sourceTree = "<group>"; };
		D9268B952966EC690070396C /* ColorExtension.swift */ = {isa = PBXFileReference; lastKnownFileType = sourcecode.swift; path = ColorExtension.swift; sourceTree = "<group>"; };
		D9268BBB296730210070396C /* EditMissionView.swift */ = {isa = PBXFileReference; lastKnownFileType = sourcecode.swift; path = EditMissionView.swift; sourceTree = "<group>"; };
		D9268BBF296835CD0070396C /* MissionViewModel.swift */ = {isa = PBXFileReference; lastKnownFileType = sourcecode.swift; path = MissionViewModel.swift; sourceTree = "<group>"; };
		D9268BC1296859BB0070396C /* NotificationManager.swift */ = {isa = PBXFileReference; lastKnownFileType = sourcecode.swift; path = NotificationManager.swift; sourceTree = "<group>"; };
		D9268BC329685A270070396C /* NotificationHelper.swift */ = {isa = PBXFileReference; lastKnownFileType = sourcecode.swift; path = NotificationHelper.swift; sourceTree = "<group>"; };
/* End PBXFileReference section */

/* Begin PBXFrameworksBuildPhase section */
		D9268B6E296572DF0070396C /* Frameworks */ = {
			isa = PBXFrameworksBuildPhase;
			buildActionMask = 2147483647;
			files = (
			);
			runOnlyForDeploymentPostprocessing = 0;
		};
/* End PBXFrameworksBuildPhase section */

/* Begin PBXGroup section */
		D9268B68296572DF0070396C = {
			isa = PBXGroup;
			children = (
				D9268B73296572DF0070396C /* ToDo App */,
				D9268B72296572DF0070396C /* Products */,
			);
			sourceTree = "<group>";
		};
		D9268B72296572DF0070396C /* Products */ = {
			isa = PBXGroup;
			children = (
				D9268B71296572DF0070396C /* ToDo App.app */,
			);
			name = Products;
			sourceTree = "<group>";
		};
		D9268B73296572DF0070396C /* ToDo App */ = {
			isa = PBXGroup;
			children = (
				D9268B74296572DF0070396C /* ToDo_AppApp.swift */,
				D9268B932966E3CF0070396C /* Model */,
				D9268B922966E3CC0070396C /* View */,
				D9268B912966E3C40070396C /* ViewModel */,
				D9268B78296572E10070396C /* Assets.xcassets */,
				D9268B7D296572E10070396C /* Persistence.swift */,
				D9268B7F296572E10070396C /* ToDo_App.xcdatamodeld */,
				D9268B7A296572E10070396C /* Preview Content */,
			);
			path = "ToDo App";
			sourceTree = "<group>";
		};
		D9268B7A296572E10070396C /* Preview Content */ = {
			isa = PBXGroup;
			children = (
				D9268B7B296572E10070396C /* Preview Assets.xcassets */,
			);
			path = "Preview Content";
			sourceTree = "<group>";
		};
		D9268B912966E3C40070396C /* ViewModel */ = {
			isa = PBXGroup;
			children = (
				D9268BBF296835CD0070396C /* MissionViewModel.swift */,
				D9268B942966EC570070396C /* Extensions */,
			);
			path = ViewModel;
			sourceTree = "<group>";
		};
		D9268B922966E3CC0070396C /* View */ = {
			isa = PBXGroup;
			children = (
				D9268B8F2966D7720070396C /* HomeView.swift */,
				D9268B76296572DF0070396C /* MissionView.swift */,
				D9268B892965D58A0070396C /* AddMissionView.swift */,
				D9268BBB296730210070396C /* EditMissionView.swift */,
				D9268B872965C4790070396C /* DetailView.swift */,
				D9268BC1296859BB0070396C /* NotificationManager.swift */,
				D9268BC329685A270070396C /* NotificationHelper.swift */,
			);
			path = View;
			sourceTree = "<group>";
		};
		D9268B932966E3CF0070396C /* Model */ = {
			isa = PBXGroup;
			children = (
			);
			path = Model;
			sourceTree = "<group>";
		};
		D9268B942966EC570070396C /* Extensions */ = {
			isa = PBXGroup;
			children = (
				D9268B952966EC690070396C /* ColorExtension.swift */,
			);
			path = Extensions;
			sourceTree = "<group>";
		};
/* End PBXGroup section */

/* Begin PBXNativeTarget section */
		D9268B70296572DF0070396C /* ToDo App */ = {
			isa = PBXNativeTarget;
			buildConfigurationList = D9268B84296572E10070396C /* Build configuration list for PBXNativeTarget "ToDo App" */;
			buildPhases = (
				D9268B6D296572DF0070396C /* Sources */,
				D9268B6E296572DF0070396C /* Frameworks */,
				D9268B6F296572DF0070396C /* Resources */,
			);
			buildRules = (
			);
			dependencies = (
			);
			name = "ToDo App";
			productName = "ToDo App";
			productReference = D9268B71296572DF0070396C /* ToDo App.app */;
			productType = "com.apple.product-type.application";
		};
/* End PBXNativeTarget section */

/* Begin PBXProject section */
		D9268B69296572DF0070396C /* Project object */ = {
			isa = PBXProject;
			attributes = {
				BuildIndependentTargetsInParallel = 1;
				LastSwiftUpdateCheck = 1420;
				LastUpgradeCheck = 1420;
				TargetAttributes = {
					D9268B70296572DF0070396C = {
						CreatedOnToolsVersion = 14.2;
					};
				};
			};
			buildConfigurationList = D9268B6C296572DF0070396C /* Build configuration list for PBXProject "ToDo App" */;
			compatibilityVersion = "Xcode 14.0";
			developmentRegion = en;
			hasScannedForEncodings = 0;
			knownRegions = (
				en,
				Base,
			);
			mainGroup = D9268B68296572DF0070396C;
			productRefGroup = D9268B72296572DF0070396C /* Products */;
			projectDirPath = "";
			projectRoot = "";
			targets = (
				D9268B70296572DF0070396C /* ToDo App */,
			);
		};
/* End PBXProject section */

/* Begin PBXResourcesBuildPhase section */
		D9268B6F296572DF0070396C /* Resources */ = {
			isa = PBXResourcesBuildPhase;
			buildActionMask = 2147483647;
			files = (
				D9268B7C296572E10070396C /* Preview Assets.xcassets in Resources */,
				D9268B79296572E10070396C /* Assets.xcassets in Resources */,
			);
			runOnlyForDeploymentPostprocessing = 0;
		};
/* End PBXResourcesBuildPhase section */

/* Begin PBXSourcesBuildPhase section */
		D9268B6D296572DF0070396C /* Sources */ = {
			isa = PBXSourcesBuildPhase;
			buildActionMask = 2147483647;
			files = (
				D9268B7E296572E10070396C /* Persistence.swift in Sources */,
				D9268BC0296835CD0070396C /* MissionViewModel.swift in Sources */,
				D9268B902966D7720070396C /* HomeView.swift in Sources */,
				D9268B8A2965D58A0070396C /* AddMissionView.swift in Sources */,
				D9268BC2296859BB0070396C /* NotificationManager.swift in Sources */,
				D9268B962966EC690070396C /* ColorExtension.swift in Sources */,
				D9268BC429685A270070396C /* NotificationHelper.swift in Sources */,
				D9268B77296572DF0070396C /* MissionView.swift in Sources */,
				D9268B75296572DF0070396C /* ToDo_AppApp.swift in Sources */,
				D9268B882965C4790070396C /* DetailView.swift in Sources */,
				D9268B81296572E10070396C /* ToDo_App.xcdatamodeld in Sources */,
				D9268BBC296730210070396C /* EditMissionView.swift in Sources */,
			);
			runOnlyForDeploymentPostprocessing = 0;
		};
/* End PBXSourcesBuildPhase section */

/* Begin XCBuildConfiguration section */
		D9268B82296572E10070396C /* Debug */ = {
			isa = XCBuildConfiguration;
			buildSettings = {
				ALWAYS_SEARCH_USER_PATHS = NO;
				CLANG_ANALYZER_NONNULL = YES;
				CLANG_ANALYZER_NUMBER_OBJECT_CONVERSION = YES_AGGRESSIVE;
				CLANG_CXX_LANGUAGE_STANDARD = "gnu++20";
				CLANG_ENABLE_MODULES = YES;
				CLANG_ENABLE_OBJC_ARC = YES;
				CLANG_ENABLE_OBJC_WEAK = YES;
				CLANG_WARN_BLOCK_CAPTURE_AUTORELEASING = YES;
				CLANG_WARN_BOOL_CONVERSION = YES;
				CLANG_WARN_COMMA = YES;
				CLANG_WARN_CONSTANT_CONVERSION = YES;
				CLANG_WARN_DEPRECATED_OBJC_IMPLEMENTATIONS = YES;
				CLANG_WARN_DIRECT_OBJC_ISA_USAGE = YES_ERROR;
				CLANG_WARN_DOCUMENTATION_COMMENTS = YES;
				CLANG_WARN_EMPTY_BODY = YES;
				CLANG_WARN_ENUM_CONVERSION = YES;
				CLANG_WARN_INFINITE_RECURSION = YES;
				CLANG_WARN_INT_CONVERSION = YES;
				CLANG_WARN_NON_LITERAL_NULL_CONVERSION = YES;
				CLANG_WARN_OBJC_IMPLICIT_RETAIN_SELF = YES;
				CLANG_WARN_OBJC_LITERAL_CONVERSION = YES;
				CLANG_WARN_OBJC_ROOT_CLASS = YES_ERROR;
				CLANG_WARN_QUOTED_INCLUDE_IN_FRAMEWORK_HEADER = YES;
				CLANG_WARN_RANGE_LOOP_ANALYSIS = YES;
				CLANG_WARN_STRICT_PROTOTYPES = YES;
				CLANG_WARN_SUSPICIOUS_MOVE = YES;
				CLANG_WARN_UNGUARDED_AVAILABILITY = YES_AGGRESSIVE;
				CLANG_WARN_UNREACHABLE_CODE = YES;
				CLANG_WARN__DUPLICATE_METHOD_MATCH = YES;
				COPY_PHASE_STRIP = NO;
				DEBUG_INFORMATION_FORMAT = dwarf;
				ENABLE_STRICT_OBJC_MSGSEND = YES;
				ENABLE_TESTABILITY = YES;
				GCC_C_LANGUAGE_STANDARD = gnu11;
				GCC_DYNAMIC_NO_PIC = NO;
				GCC_NO_COMMON_BLOCKS = YES;
				GCC_OPTIMIZATION_LEVEL = 0;
				GCC_PREPROCESSOR_DEFINITIONS = (
					"DEBUG=1",
					"$(inherited)",
				);
				GCC_WARN_64_TO_32_BIT_CONVERSION = YES;
				GCC_WARN_ABOUT_RETURN_TYPE = YES_ERROR;
				GCC_WARN_UNDECLARED_SELECTOR = YES;
				GCC_WARN_UNINITIALIZED_AUTOS = YES_AGGRESSIVE;
				GCC_WARN_UNUSED_FUNCTION = YES;
				GCC_WARN_UNUSED_VARIABLE = YES;
				IPHONEOS_DEPLOYMENT_TARGET = 16.2;
				MTL_ENABLE_DEBUG_INFO = INCLUDE_SOURCE;
				MTL_FAST_MATH = YES;
				ONLY_ACTIVE_ARCH = YES;
				SDKROOT = iphoneos;
				SWIFT_ACTIVE_COMPILATION_CONDITIONS = DEBUG;
				SWIFT_OPTIMIZATION_LEVEL = "-Onone";
			};
			name = Debug;
		};
		D9268B83296572E10070396C /* Release */ = {
			isa = XCBuildConfiguration;
			buildSettings = {
				ALWAYS_SEARCH_USER_PATHS = NO;
				CLANG_ANALYZER_NONNULL = YES;
				CLANG_ANALYZER_NUMBER_OBJECT_CONVERSION = YES_AGGRESSIVE;
				CLANG_CXX_LANGUAGE_STANDARD = "gnu++20";
				CLANG_ENABLE_MODULES = YES;
				CLANG_ENABLE_OBJC_ARC = YES;
				CLANG_ENABLE_OBJC_WEAK = YES;
				CLANG_WARN_BLOCK_CAPTURE_AUTORELEASING = YES;
				CLANG_WARN_BOOL_CONVERSION = YES;
				CLANG_WARN_COMMA = YES;
				CLANG_WARN_CONSTANT_CONVERSION = YES;
				CLANG_WARN_DEPRECATED_OBJC_IMPLEMENTATIONS = YES;
				CLANG_WARN_DIRECT_OBJC_ISA_USAGE = YES_ERROR;
				CLANG_WARN_DOCUMENTATION_COMMENTS = YES;
				CLANG_WARN_EMPTY_BODY = YES;
				CLANG_WARN_ENUM_CONVERSION = YES;
				CLANG_WARN_INFINITE_RECURSION = YES;
				CLANG_WARN_INT_CONVERSION = YES;
				CLANG_WARN_NON_LITERAL_NULL_CONVERSION = YES;
				CLANG_WARN_OBJC_IMPLICIT_RETAIN_SELF = YES;
				CLANG_WARN_OBJC_LITERAL_CONVERSION = YES;
				CLANG_WARN_OBJC_ROOT_CLASS = YES_ERROR;
				CLANG_WARN_QUOTED_INCLUDE_IN_FRAMEWORK_HEADER = YES;
				CLANG_WARN_RANGE_LOOP_ANALYSIS = YES;
				CLANG_WARN_STRICT_PROTOTYPES = YES;
				CLANG_WARN_SUSPICIOUS_MOVE = YES;
				CLANG_WARN_UNGUARDED_AVAILABILITY = YES_AGGRESSIVE;
				CLANG_WARN_UNREACHABLE_CODE = YES;
				CLANG_WARN__DUPLICATE_METHOD_MATCH = YES;
				COPY_PHASE_STRIP = NO;
				DEBUG_INFORMATION_FORMAT = "dwarf-with-dsym";
				ENABLE_NS_ASSERTIONS = NO;
				ENABLE_STRICT_OBJC_MSGSEND = YES;
				GCC_C_LANGUAGE_STANDARD = gnu11;
				GCC_NO_COMMON_BLOCKS = YES;
				GCC_WARN_64_TO_32_BIT_CONVERSION = YES;
				GCC_WARN_ABOUT_RETURN_TYPE = YES_ERROR;
				GCC_WARN_UNDECLARED_SELECTOR = YES;
				GCC_WARN_UNINITIALIZED_AUTOS = YES_AGGRESSIVE;
				GCC_WARN_UNUSED_FUNCTION = YES;
				GCC_WARN_UNUSED_VARIABLE = YES;
				IPHONEOS_DEPLOYMENT_TARGET = 16.2;
				MTL_ENABLE_DEBUG_INFO = NO;
				MTL_FAST_MATH = YES;
				SDKROOT = iphoneos;
				SWIFT_COMPILATION_MODE = wholemodule;
				SWIFT_OPTIMIZATION_LEVEL = "-O";
				VALIDATE_PRODUCT = YES;
			};
			name = Release;
		};
		D9268B85296572E10070396C /* Debug */ = {
			isa = XCBuildConfiguration;
			buildSettings = {
				ASSETCATALOG_COMPILER_APPICON_NAME = AppIcon;
				ASSETCATALOG_COMPILER_GLOBAL_ACCENT_COLOR_NAME = AccentColor;
				CODE_SIGN_STYLE = Automatic;
				CURRENT_PROJECT_VERSION = 1;
				DEVELOPMENT_ASSET_PATHS = "\"ToDo App/Preview Content\"";
				DEVELOPMENT_TEAM = MG8DTPV84D;
				ENABLE_PREVIEWS = YES;
				GENERATE_INFOPLIST_FILE = YES;
				INFOPLIST_KEY_UIApplicationSceneManifest_Generation = YES;
				INFOPLIST_KEY_UIApplicationSupportsIndirectInputEvents = YES;
				INFOPLIST_KEY_UILaunchScreen_Generation = YES;
				INFOPLIST_KEY_UISupportedInterfaceOrientations_iPad = "UIInterfaceOrientationPortrait UIInterfaceOrientationPortraitUpsideDown UIInterfaceOrientationLandscapeLeft UIInterfaceOrientationLandscapeRight";
				INFOPLIST_KEY_UISupportedInterfaceOrientations_iPhone = "UIInterfaceOrientationPortrait UIInterfaceOrientationLandscapeLeft UIInterfaceOrientationLandscapeRight";
				LD_RUNPATH_SEARCH_PATHS = (
					"$(inherited)",
					"@executable_path/Frameworks",
				);
				MARKETING_VERSION = 1.0;
				PRODUCT_BUNDLE_IDENTIFIER = "ThibaultGodefroy.ToDo-App";
				PRODUCT_NAME = "$(TARGET_NAME)";
				SWIFT_EMIT_LOC_STRINGS = YES;
				SWIFT_VERSION = 5.0;
				TARGETED_DEVICE_FAMILY = "1,2";
			};
			name = Debug;
		};
		D9268B86296572E10070396C /* Release */ = {
			isa = XCBuildConfiguration;
			buildSettings = {
				ASSETCATALOG_COMPILER_APPICON_NAME = AppIcon;
				ASSETCATALOG_COMPILER_GLOBAL_ACCENT_COLOR_NAME = AccentColor;
				CODE_SIGN_STYLE = Automatic;
				CURRENT_PROJECT_VERSION = 1;
				DEVELOPMENT_ASSET_PATHS = "\"ToDo App/Preview Content\"";
				DEVELOPMENT_TEAM = MG8DTPV84D;
				ENABLE_PREVIEWS = YES;
				GENERATE_INFOPLIST_FILE = YES;
				INFOPLIST_KEY_UIApplicationSceneManifest_Generation = YES;
				INFOPLIST_KEY_UIApplicationSupportsIndirectInputEvents = YES;
				INFOPLIST_KEY_UILaunchScreen_Generation = YES;
				INFOPLIST_KEY_UISupportedInterfaceOrientations_iPad = "UIInterfaceOrientationPortrait UIInterfaceOrientationPortraitUpsideDown UIInterfaceOrientationLandscapeLeft UIInterfaceOrientationLandscapeRight";
				INFOPLIST_KEY_UISupportedInterfaceOrientations_iPhone = "UIInterfaceOrientationPortrait UIInterfaceOrientationLandscapeLeft UIInterfaceOrientationLandscapeRight";
				LD_RUNPATH_SEARCH_PATHS = (
					"$(inherited)",
					"@executable_path/Frameworks",
				);
				MARKETING_VERSION = 1.0;
				PRODUCT_BUNDLE_IDENTIFIER = "ThibaultGodefroy.ToDo-App";
				PRODUCT_NAME = "$(TARGET_NAME)";
				SWIFT_EMIT_LOC_STRINGS = YES;
				SWIFT_VERSION = 5.0;
				TARGETED_DEVICE_FAMILY = "1,2";
			};
			name = Release;
		};
/* End XCBuildConfiguration section */

/* Begin XCConfigurationList section */
		D9268B6C296572DF0070396C /* Build configuration list for PBXProject "ToDo App" */ = {
			isa = XCConfigurationList;
			buildConfigurations = (
				D9268B82296572E10070396C /* Debug */,
				D9268B83296572E10070396C /* Release */,
			);
			defaultConfigurationIsVisible = 0;
			defaultConfigurationName = Release;
		};
		D9268B84296572E10070396C /* Build configuration list for PBXNativeTarget "ToDo App" */ = {
			isa = XCConfigurationList;
			buildConfigurations = (
				D9268B85296572E10070396C /* Debug */,
				D9268B86296572E10070396C /* Release */,
			);
			defaultConfigurationIsVisible = 0;
			defaultConfigurationName = Release;
		};
/* End XCConfigurationList section */

/* Begin XCVersionGroup section */
		D9268B7F296572E10070396C /* ToDo_App.xcdatamodeld */ = {
			isa = XCVersionGroup;
			children = (
				D9268B80296572E10070396C /* ToDo_App.xcdatamodel */,
			);
			currentVersion = D9268B80296572E10070396C /* ToDo_App.xcdatamodel */;
			path = ToDo_App.xcdatamodeld;
			sourceTree = "<group>";
			versionGroupType = wrapper.xcdatamodel;
		};
/* End XCVersionGroup section */
	};
	rootObject = D9268B69296572DF0070396C /* Project object */;
}
